// !$*UTF8*$!
{
	archiveVersion = 1;
	classes = {
	};
	objectVersion = 50;
	objects = {

/* Begin PBXBuildFile section */
		F909A25F25D7E38800CFF8CC /* AppDelegate.swift in Sources */ = {isa = PBXBuildFile; fileRef = F909A25E25D7E38800CFF8CC /* AppDelegate.swift */; };
		F909A26125D7E38800CFF8CC /* SceneDelegate.swift in Sources */ = {isa = PBXBuildFile; fileRef = F909A26025D7E38800CFF8CC /* SceneDelegate.swift */; };
		F909A26325D7E38800CFF8CC /* ViewController.swift in Sources */ = {isa = PBXBuildFile; fileRef = F909A26225D7E38800CFF8CC /* ViewController.swift */; };
		F909A26625D7E38800CFF8CC /* Main.storyboard in Resources */ = {isa = PBXBuildFile; fileRef = F909A26425D7E38800CFF8CC /* Main.storyboard */; };
		F909A26825D7E38C00CFF8CC /* Assets.xcassets in Resources */ = {isa = PBXBuildFile; fileRef = F909A26725D7E38C00CFF8CC /* Assets.xcassets */; };
		F909A26B25D7E38C00CFF8CC /* LaunchScreen.storyboard in Resources */ = {isa = PBXBuildFile; fileRef = F909A26925D7E38C00CFF8CC /* LaunchScreen.storyboard */; };
/* End PBXBuildFile section */

/* Begin PBXFileReference section */
		F909A25B25D7E38800CFF8CC /* ErrorHandlingApp.app */ = {isa = PBXFileReference; explicitFileType = wrapper.application; includeInIndex = 0; path = ErrorHandlingApp.app; sourceTree = BUILT_PRODUCTS_DIR; };
		F909A25E25D7E38800CFF8CC /* AppDelegate.swift */ = {isa = PBXFileReference; lastKnownFileType = sourcecode.swift; path = AppDelegate.swift; sourceTree = "<group>"; };
		F909A26025D7E38800CFF8CC /* SceneDelegate.swift */ = {isa = PBXFileReference; lastKnownFileType = sourcecode.swift; path = SceneDelegate.swift; sourceTree = "<group>"; };
		F909A26225D7E38800CFF8CC /* ViewController.swift */ = {isa = PBXFileReference; lastKnownFileType = sourcecode.swift; path = ViewController.swift; sourceTree = "<group>"; };
		F909A26525D7E38800CFF8CC /* Base */ = {isa = PBXFileReference; lastKnownFileType = file.storyboard; name = Base; path = Base.lproj/Main.storyboard; sourceTree = "<group>"; };
		F909A26725D7E38C00CFF8CC /* Assets.xcassets */ = {isa = PBXFileReference; lastKnownFileType = folder.assetcatalog; path = Assets.xcassets; sourceTree = "<group>"; };
		F909A26A25D7E38C00CFF8CC /* Base */ = {isa = PBXFileReference; lastKnownFileType = file.storyboard; name = Base; path = Base.lproj/LaunchScreen.storyboard; sourceTree = "<group>"; };
		F909A26C25D7E38C00CFF8CC /* Info.plist */ = {isa = PBXFileReference; lastKnownFileType = text.plist.xml; path = Info.plist; sourceTree = "<group>"; };
/* End PBXFileReference section */

/* Begin PBXFrameworksBuildPhase section */
		F909A25825D7E38800CFF8CC /* Frameworks */ = {
			isa = PBXFrameworksBuildPhase;
			buildActionMask = 2147483647;
			files = (
			);
			runOnlyForDeploymentPostprocessing = 0;
		};
/* End PBXFrameworksBuildPhase section */

/* Begin PBXGroup section */
		F909A25225D7E38800CFF8CC = {
			isa = PBXGroup;
			children = (
				F909A25D25D7E38800CFF8CC /* ErrorHandlingApp */,
				F909A25C25D7E38800CFF8CC /* Products */,
			);
			sourceTree = "<group>";
		};
		F909A25C25D7E38800CFF8CC /* Products */ = {
			isa = PBXGroup;
			children = (
				F909A25B25D7E38800CFF8CC /* ErrorHandlingApp.app */,
			);
			name = Products;
			sourceTree = "<group>";
		};
		F909A25D25D7E38800CFF8CC /* ErrorHandlingApp */ = {
			isa = PBXGroup;
			children = (
				F909A25E25D7E38800CFF8CC /* AppDelegate.swift */,
				F909A26025D7E38800CFF8CC /* SceneDelegate.swift */,
				F909A26225D7E38800CFF8CC /* ViewController.swift */,
				F909A26425D7E38800CFF8CC /* Main.storyboard */,
				F909A26725D7E38C00CFF8CC /* Assets.xcassets */,
				F909A26925D7E38C00CFF8CC /* LaunchScreen.storyboard */,
				F909A26C25D7E38C00CFF8CC /* Info.plist */,
			);
			path = ErrorHandlingApp;
			sourceTree = "<group>";
		};
/* End PBXGroup section */

/* Begin PBXNativeTarget section */
		F909A25A25D7E38800CFF8CC /* ErrorHandlingApp */ = {
			isa = PBXNativeTarget;
			buildConfigurationList = F909A26F25D7E38C00CFF8CC /* Build configuration list for PBXNativeTarget "ErrorHandlingApp" */;
			buildPhases = (
				F909A25725D7E38800CFF8CC /* Sources */,
				F909A25825D7E38800CFF8CC /* Frameworks */,
				F909A25925D7E38800CFF8CC /* Resources */,
			);
			buildRules = (
			);
			dependencies = (
			);
			name = ErrorHandlingApp;
			productName = ErrorHandlingApp;
			productReference = F909A25B25D7E38800CFF8CC /* ErrorHandlingApp.app */;
			productType = "com.apple.product-type.application";
		};
/* End PBXNativeTarget section */

/* Begin PBXProject section */
		F909A25325D7E38800CFF8CC /* Project object */ = {
			isa = PBXProject;
			attributes = {
				LastSwiftUpdateCheck = 1240;
				LastUpgradeCheck = 1240;
				TargetAttributes = {
					F909A25A25D7E38800CFF8CC = {
						CreatedOnToolsVersion = 12.4;
					};
				};
			};
			buildConfigurationList = F909A25625D7E38800CFF8CC /* Build configuration list for PBXProject "ErrorHandlingApp" */;
			compatibilityVersion = "Xcode 9.3";
			developmentRegion = en;
			hasScannedForEncodings = 0;
			knownRegions = (
				en,
				Base,
			);
			mainGroup = F909A25225D7E38800CFF8CC;
			productRefGroup = F909A25C25D7E38800CFF8CC /* Products */;
			projectDirPath = "";
			projectRoot = "";
			targets = (
				F909A25A25D7E38800CFF8CC /* ErrorHandlingApp */,
			);
		};
/* End PBXProject section */

/* Begin PBXResourcesBuildPhase section */
		F909A25925D7E38800CFF8CC /* Resources */ = {
			isa = PBXResourcesBuildPhase;
			buildActionMask = 2147483647;
			files = (
				F909A26B25D7E38C00CFF8CC /* LaunchScreen.storyboard in Resources */,
				F909A26825D7E38C00CFF8CC /* Assets.xcassets in Resources */,
				F909A26625D7E38800CFF8CC /* Main.storyboard in Resources */,
			);
			runOnlyForDeploymentPostprocessing = 0;
		};
/* End PBXResourcesBuildPhase section */

/* Begin PBXSourcesBuildPhase section */
		F909A25725D7E38800CFF8CC /* Sources */ = {
			isa = PBXSourcesBuildPhase;
			buildActionMask = 2147483647;
			files = (
				F909A26325D7E38800CFF8CC /* ViewController.swift in Sources */,
				F909A25F25D7E38800CFF8CC /* AppDelegate.swift in Sources */,
				F909A26125D7E38800CFF8CC /* SceneDelegate.swift in Sources */,
			);
			runOnlyForDeploymentPostprocessing = 0;
		};
/* End PBXSourcesBuildPhase section */

/* Begin PBXVariantGroup section */
		F909A26425D7E38800CFF8CC /* Main.storyboard */ = {
			isa = PBXVariantGroup;
			children = (
				F909A26525D7E38800CFF8CC /* Base */,
			);
			name = Main.storyboard;
			sourceTree = "<group>";
		};
		F909A26925D7E38C00CFF8CC /* LaunchScreen.storyboard */ = {
			isa = PBXVariantGroup;
			children = (
				F909A26A25D7E38C00CFF8CC /* Base */,
			);
			name = LaunchScreen.storyboard;
			sourceTree = "<group>";
		};
/* End PBXVariantGroup section */

/* Begin XCBuildConfiguration section */
		F909A26D25D7E38C00CFF8CC /* Debug */ = {
			isa = XCBuildConfiguration;
			buildSettings = {
				ALWAYS_SEARCH_USER_PATHS = NO;
				CLANG_ANALYZER_NONNULL = YES;
				CLANG_ANALYZER_NUMBER_OBJECT_CONVERSION = YES_AGGRESSIVE;
				CLANG_CXX_LANGUAGE_STANDARD = "gnu++14";
				CLANG_CXX_LIBRARY = "libc++";
				CLANG_ENABLE_MODULES = YES;
				CLANG_ENABLE_OBJC_ARC = YES;
				CLANG_ENABLE_OBJC_WEAK = YES;
				CLANG_WARN_BLOCK_CAPTURE_AUTORELEASING = YES;
				CLANG_WARN_BOOL_CONVERSION = YES;
				CLANG_WARN_COMMA = YES;
				CLANG_WARN_CONSTANT_CONVERSION = YES;
				CLANG_WARN_DEPRECATED_OBJC_IMPLEMENTATIONS = YES;
				CLANG_WARN_DIRECT_OBJC_ISA_USAGE = YES_ERROR;
				CLANG_WARN_DOCUMENTATION_COMMENTS = YES;
				CLANG_WARN_EMPTY_BODY = YES;
				CLANG_WARN_ENUM_CONVERSION = YES;
				CLANG_WARN_INFINITE_RECURSION = YES;
				CLANG_WARN_INT_CONVERSION = YES;
				CLANG_WARN_NON_LITERAL_NULL_CONVERSION = YES;
				CLANG_WARN_OBJC_IMPLICIT_RETAIN_SELF = YES;
				CLANG_WARN_OBJC_LITERAL_CONVERSION = YES;
				CLANG_WARN_OBJC_ROOT_CLASS = YES_ERROR;
				CLANG_WARN_QUOTED_INCLUDE_IN_FRAMEWORK_HEADER = YES;
				CLANG_WARN_RANGE_LOOP_ANALYSIS = YES;
				CLANG_WARN_STRICT_PROTOTYPES = YES;
				CLANG_WARN_SUSPICIOUS_MOVE = YES;
				CLANG_WARN_UNGUARDED_AVAILABILITY = YES_AGGRESSIVE;
				CLANG_WARN_UNREACHABLE_CODE = YES;
				CLANG_WARN__DUPLICATE_METHOD_MATCH = YES;
				COPY_PHASE_STRIP = NO;
				DEBUG_INFORMATION_FORMAT = dwarf;
				ENABLE_STRICT_OBJC_MSGSEND = YES;
				ENABLE_TESTABILITY = YES;
				GCC_C_LANGUAGE_STANDARD = gnu11;
				GCC_DYNAMIC_NO_PIC = NO;
				GCC_NO_COMMON_BLOCKS = YES;
				GCC_OPTIMIZATION_LEVEL = 0;
				GCC_PREPROCESSOR_DEFINITIONS = (
					"DEBUG=1",
					"$(inherited)",
				);
				GCC_WARN_64_TO_32_BIT_CONVERSION = YES;
				GCC_WARN_ABOUT_RETURN_TYPE = YES_ERROR;
				GCC_WARN_UNDECLARED_SELECTOR = YES;
				GCC_WARN_UNINITIALIZED_AUTOS = YES_AGGRESSIVE;
				GCC_WARN_UNUSED_FUNCTION = YES;
				GCC_WARN_UNUSED_VARIABLE = YES;
				IPHONEOS_DEPLOYMENT_TARGET = 14.4;
				MTL_ENABLE_DEBUG_INFO = INCLUDE_SOURCE;
				MTL_FAST_MATH = YES;
				ONLY_ACTIVE_ARCH = YES;
				SDKROOT = iphoneos;
				SWIFT_ACTIVE_COMPILATION_CONDITIONS = DEBUG;
				SWIFT_OPTIMIZATION_LEVEL = "-Onone";
			};
			name = Debug;
		};
		F909A26E25D7E38C00CFF8CC /* Release */ = {
			isa = XCBuildConfiguration;
			buildSettings = {
				ALWAYS_SEARCH_USER_PATHS = NO;
				CLANG_ANALYZER_NONNULL = YES;
				CLANG_ANALYZER_NUMBER_OBJECT_CONVERSION = YES_AGGRESSIVE;
				CLANG_CXX_LANGUAGE_STANDARD = "gnu++14";
				CLANG_CXX_LIBRARY = "libc++";
				CLANG_ENABLE_MODULES = YES;
				CLANG_ENABLE_OBJC_ARC = YES;
				CLANG_ENABLE_OBJC_WEAK = YES;
				CLANG_WARN_BLOCK_CAPTURE_AUTORELEASING = YES;
				CLANG_WARN_BOOL_CONVERSION = YES;
				CLANG_WARN_COMMA = YES;
				CLANG_WARN_CONSTANT_CONVERSION = YES;
				CLANG_WARN_DEPRECATED_OBJC_IMPLEMENTATIONS = YES;
				CLANG_WARN_DIRECT_OBJC_ISA_USAGE = YES_ERROR;
				CLANG_WARN_DOCUMENTATION_COMMENTS = YES;
				CLANG_WARN_EMPTY_BODY = YES;
				CLANG_WARN_ENUM_CONVERSION = YES;
				CLANG_WARN_INFINITE_RECURSION = YES;
				CLANG_WARN_INT_CONVERSION = YES;
				CLANG_WARN_NON_LITERAL_NULL_CONVERSION = YES;
				CLANG_WARN_OBJC_IMPLICIT_RETAIN_SELF = YES;
				CLANG_WARN_OBJC_LITERAL_CONVERSION = YES;
				CLANG_WARN_OBJC_ROOT_CLASS = YES_ERROR;
				CLANG_WARN_QUOTED_INCLUDE_IN_FRAMEWORK_HEADER = YES;
				CLANG_WARN_RANGE_LOOP_ANALYSIS = YES;
				CLANG_WARN_STRICT_PROTOTYPES = YES;
				CLANG_WARN_SUSPICIOUS_MOVE = YES;
				CLANG_WARN_UNGUARDED_AVAILABILITY = YES_AGGRESSIVE;
				CLANG_WARN_UNREACHABLE_CODE = YES;
				CLANG_WARN__DUPLICATE_METHOD_MATCH = YES;
				COPY_PHASE_STRIP = NO;
				DEBUG_INFORMATION_FORMAT = "dwarf-with-dsym";
				ENABLE_NS_ASSERTIONS = NO;
				ENABLE_STRICT_OBJC_MSGSEND = YES;
				GCC_C_LANGUAGE_STANDARD = gnu11;
				GCC_NO_COMMON_BLOCKS = YES;
				GCC_WARN_64_TO_32_BIT_CONVERSION = YES;
				GCC_WARN_ABOUT_RETURN_TYPE = YES_ERROR;
				GCC_WARN_UNDECLARED_SELECTOR = YES;
				GCC_WARN_UNINITIALIZED_AUTOS = YES_AGGRESSIVE;
				GCC_WARN_UNUSED_FUNCTION = YES;
				GCC_WARN_UNUSED_VARIABLE = YES;
				IPHONEOS_DEPLOYMENT_TARGET = 14.4;
				MTL_ENABLE_DEBUG_INFO = NO;
				MTL_FAST_MATH = YES;
				SDKROOT = iphoneos;
				SWIFT_COMPILATION_MODE = wholemodule;
				SWIFT_OPTIMIZATION_LEVEL = "-O";
				VALIDATE_PRODUCT = YES;
			};
			name = Release;
		};
		F909A27025D7E38C00CFF8CC /* Debug */ = {
			isa = XCBuildConfiguration;
			buildSettings = {
				ASSETCATALOG_COMPILER_APPICON_NAME = AppIcon;
				ASSETCATALOG_COMPILER_GLOBAL_ACCENT_COLOR_NAME = AccentColor;
				CODE_SIGN_STYLE = Automatic;
				DEVELOPMENT_TEAM = 489JK8PZ4S;
				INFOPLIST_FILE = ErrorHandlingApp/Info.plist;
				LD_RUNPATH_SEARCH_PATHS = (
					"$(inherited)",
					"@executable_path/Frameworks",
				);
				PRODUCT_BUNDLE_IDENTIFIER = com.lera.ErrorHandlingApp;
				PRODUCT_NAME = "$(TARGET_NAME)";
				SWIFT_VERSION = 5.0;
				TARGETED_DEVICE_FAMILY = "1,2";
			};
			name = Debug;
		};
		F909A27125D7E38C00CFF8CC /* Release */ = {
			isa = XCBuildConfiguration;
			buildSettings = {
				ASSETCATALOG_COMPILER_APPICON_NAME = AppIcon;
				ASSETCATALOG_COMPILER_GLOBAL_ACCENT_COLOR_NAME = AccentColor;
				CODE_SIGN_STYLE = Automatic;
				DEVELOPMENT_TEAM = 489JK8PZ4S;
				INFOPLIST_FILE = ErrorHandlingApp/Info.plist;
				LD_RUNPATH_SEARCH_PATHS = (
					"$(inherited)",
					"@executable_path/Frameworks",
				);
				PRODUCT_BUNDLE_IDENTIFIER = com.lera.ErrorHandlingApp;
				PRODUCT_NAME = "$(TARGET_NAME)";
				SWIFT_VERSION = 5.0;
				TARGETED_DEVICE_FAMILY = "1,2";
			};
			name = Release;
		};
/* End XCBuildConfiguration section */

/* Begin XCConfigurationList section */
		F909A25625D7E38800CFF8CC /* Build configuration list for PBXProject "ErrorHandlingApp" */ = {
			isa = XCConfigurationList;
			buildConfigurations = (
				F909A26D25D7E38C00CFF8CC /* Debug */,
				F909A26E25D7E38C00CFF8CC /* Release */,
			);
			defaultConfigurationIsVisible = 0;
			defaultConfigurationName = Release;
		};
		F909A26F25D7E38C00CFF8CC /* Build configuration list for PBXNativeTarget "ErrorHandlingApp" */ = {
			isa = XCConfigurationList;
			buildConfigurations = (
				F909A27025D7E38C00CFF8CC /* Debug */,
				F909A27125D7E38C00CFF8CC /* Release */,
			);
			defaultConfigurationIsVisible = 0;
			defaultConfigurationName = Release;
		};
/* End XCConfigurationList section */
	};
	rootObject = F909A25325D7E38800CFF8CC /* Project object */;
}
